
Microsoft Visual Studio Solution File, Format Version 12.00
# Visual Studio Version 16
VisualStudioVersion = 16.0.32126.315
MinimumVisualStudioVersion = 10.0.40219.1
Project("{8BC9CEB8-8B4A-11D0-8D11-00A0C91BC942}") = "指针详解", "指针详解\指针详解.vcxproj", "{437A4869-62C3-46C0-9F33-4B16517FAEDE}"
EndProject
Global
	GlobalSection(SolutionConfigurationPlatforms) = preSolution
		Debug|x64 = Debug|x64
		Debug|x86 = Debug|x86
		Release|x64 = Release|x64
		Release|x86 = Release|x86
	EndGlobalSection
	GlobalSection(ProjectConfigurationPlatforms) = postSolution
		{437A4869-62C3-46C0-9F33-4B16517FAEDE}.Debug|x64.ActiveCfg = Debug|x64
		{437A4869-62C3-46C0-9F33-4B16517FAEDE}.Debug|x64.Build.0 = Debug|x64
		{437A4869-62C3-46C0-9F33-4B16517FAEDE}.Debug|x86.ActiveCfg = Debug|Win32
		{437A4869-62C3-46C0-9F33-4B16517FAEDE}.Debug|x86.Build.0 = Debug|Win32
		{437A4869-62C3-46C0-9F33-4B16517FAEDE}.Release|x64.ActiveCfg = Release|x64
		{437A4869-62C3-46C0-9F33-4B16517FAEDE}.Release|x64.Build.0 = Release|x64
		{437A4869-62C3-46C0-9F33-4B16517FAEDE}.Release|x86.ActiveCfg = Release|Win32
		{437A4869-62C3-46C0-9F33-4B16517FAEDE}.Release|x86.Build.0 = Release|Win32
	EndGlobalSection
	GlobalSection(SolutionProperties) = preSolution
		HideSolutionNode = FALSE
	EndGlobalSection
	GlobalSection(ExtensibilityGlobals) = postSolution
		SolutionGuid = {4A72B6B5-C4FB-4AF3-B2C9-9CF5B04A62DA}
	EndGlobalSection
EndGlobal
